
Microsoft Visual Studio Solution File, Format Version 12.00
# Visual Studio Version 17
VisualStudioVersion = 17.6.33815.320
MinimumVisualStudioVersion = 10.0.40219.1
Project("{FAE04EC0-301F-11D3-BF4B-00C04F79EFBC}") = "ConsoleAppDicitionary", "ConsoleAppDicitionary\ConsoleAppDicitionary.csproj", "{5E8F0CB2-37AE-4A69-99FE-47BA3283F5DA}"
EndProject
Global
	GlobalSection(SolutionConfigurationPlatforms) = preSolution
		Debug|Any CPU = Debug|Any CPU
		Release|Any CPU = Release|Any CPU
	EndGlobalSection
	GlobalSection(ProjectConfigurationPlatforms) = postSolution
		{5E8F0CB2-37AE-4A69-99FE-47BA3283F5DA}.Debug|Any CPU.ActiveCfg = Debug|Any CPU
		{5E8F0CB2-37AE-4A69-99FE-47BA3283F5DA}.Debug|Any CPU.Build.0 = Debug|Any CPU
		{5E8F0CB2-37AE-4A69-99FE-47BA3283F5DA}.Release|Any CPU.ActiveCfg = Release|Any CPU
		{5E8F0CB2-37AE-4A69-99FE-47BA3283F5DA}.Release|Any CPU.Build.0 = Release|Any CPU
	EndGlobalSection
	GlobalSection(SolutionProperties) = preSolution
		HideSolutionNode = FALSE
	EndGlobalSection
	GlobalSection(ExtensibilityGlobals) = postSolution
		SolutionGuid = {7DAA9CED-15EA-4A0E-8D4B-95B0443CDAEF}
	EndGlobalSection
EndGlobal
