
Microsoft Visual Studio Solution File, Format Version 12.00
# Visual Studio Version 17
VisualStudioVersion = 17.6.33815.320
MinimumVisualStudioVersion = 10.0.40219.1
Project("{FAE04EC0-301F-11D3-BF4B-00C04F79EFBC}") = "ConAppAnonymous", "ConAppAnonymous\ConAppAnonymous.csproj", "{DA8A2ADC-7B46-4CEE-8E0B-919A5030A8BE}"
EndProject
Global
	GlobalSection(SolutionConfigurationPlatforms) = preSolution
		Debug|Any CPU = Debug|Any CPU
		Release|Any CPU = Release|Any CPU
	EndGlobalSection
	GlobalSection(ProjectConfigurationPlatforms) = postSolution
		{DA8A2ADC-7B46-4CEE-8E0B-919A5030A8BE}.Debug|Any CPU.ActiveCfg = Debug|Any CPU
		{DA8A2ADC-7B46-4CEE-8E0B-919A5030A8BE}.Debug|Any CPU.Build.0 = Debug|Any CPU
		{DA8A2ADC-7B46-4CEE-8E0B-919A5030A8BE}.Release|Any CPU.ActiveCfg = Release|Any CPU
		{DA8A2ADC-7B46-4CEE-8E0B-919A5030A8BE}.Release|Any CPU.Build.0 = Release|Any CPU
	EndGlobalSection
	GlobalSection(SolutionProperties) = preSolution
		HideSolutionNode = FALSE
	EndGlobalSection
	GlobalSection(ExtensibilityGlobals) = postSolution
		SolutionGuid = {5AFEF2C5-D29F-4671-8112-F53B4DA0BE2E}
	EndGlobalSection
EndGlobal
