
Microsoft Visual Studio Solution File, Format Version 12.00
# Visual Studio Version 17
VisualStudioVersion = 17.6.33815.320
MinimumVisualStudioVersion = 10.0.40219.1
Project("{FAE04EC0-301F-11D3-BF4B-00C04F79EFBC}") = "ConAppInheritance2", "ConAppInheritance2\ConAppInheritance2.csproj", "{179411B4-1C1C-422A-81D5-E394F3E34846}"
EndProject
Global
	GlobalSection(SolutionConfigurationPlatforms) = preSolution
		Debug|Any CPU = Debug|Any CPU
		Release|Any CPU = Release|Any CPU
	EndGlobalSection
	GlobalSection(ProjectConfigurationPlatforms) = postSolution
		{179411B4-1C1C-422A-81D5-E394F3E34846}.Debug|Any CPU.ActiveCfg = Debug|Any CPU
		{179411B4-1C1C-422A-81D5-E394F3E34846}.Debug|Any CPU.Build.0 = Debug|Any CPU
		{179411B4-1C1C-422A-81D5-E394F3E34846}.Release|Any CPU.ActiveCfg = Release|Any CPU
		{179411B4-1C1C-422A-81D5-E394F3E34846}.Release|Any CPU.Build.0 = Release|Any CPU
	EndGlobalSection
	GlobalSection(SolutionProperties) = preSolution
		HideSolutionNode = FALSE
	EndGlobalSection
	GlobalSection(ExtensibilityGlobals) = postSolution
		SolutionGuid = {11A4E1F7-9B39-4E6C-85F9-97BB05550215}
	EndGlobalSection
EndGlobal
