
Microsoft Visual Studio Solution File, Format Version 12.00
# Visual Studio Version 17
VisualStudioVersion = 17.6.33815.320
MinimumVisualStudioVersion = 10.0.40219.1
Project("{FAE04EC0-301F-11D3-BF4B-00C04F79EFBC}") = "ConsoleAppVarEx", "ConsoleAppVarEx\ConsoleAppVarEx.csproj", "{38789D30-9076-4261-BB6F-C4C6A21CF915}"
EndProject
Global
	GlobalSection(SolutionConfigurationPlatforms) = preSolution
		Debug|Any CPU = Debug|Any CPU
		Release|Any CPU = Release|Any CPU
	EndGlobalSection
	GlobalSection(ProjectConfigurationPlatforms) = postSolution
		{38789D30-9076-4261-BB6F-C4C6A21CF915}.Debug|Any CPU.ActiveCfg = Debug|Any CPU
		{38789D30-9076-4261-BB6F-C4C6A21CF915}.Debug|Any CPU.Build.0 = Debug|Any CPU
		{38789D30-9076-4261-BB6F-C4C6A21CF915}.Release|Any CPU.ActiveCfg = Release|Any CPU
		{38789D30-9076-4261-BB6F-C4C6A21CF915}.Release|Any CPU.Build.0 = Release|Any CPU
	EndGlobalSection
	GlobalSection(SolutionProperties) = preSolution
		HideSolutionNode = FALSE
	EndGlobalSection
	GlobalSection(ExtensibilityGlobals) = postSolution
		SolutionGuid = {0C6C3F96-D11C-4F8A-950D-5E4126447A15}
	EndGlobalSection
EndGlobal
