
Microsoft Visual Studio Solution File, Format Version 12.00
# Visual Studio Version 17
VisualStudioVersion = 17.6.33815.320
MinimumVisualStudioVersion = 10.0.40219.1
Project("{FAE04EC0-301F-11D3-BF4B-00C04F79EFBC}") = "ConAppParametrizedCons", "ConAppParametrizedCons\ConAppParametrizedCons.csproj", "{CA1F36B5-0012-4984-AA28-09515D706B86}"
EndProject
Global
	GlobalSection(SolutionConfigurationPlatforms) = preSolution
		Debug|Any CPU = Debug|Any CPU
		Release|Any CPU = Release|Any CPU
	EndGlobalSection
	GlobalSection(ProjectConfigurationPlatforms) = postSolution
		{CA1F36B5-0012-4984-AA28-09515D706B86}.Debug|Any CPU.ActiveCfg = Debug|Any CPU
		{CA1F36B5-0012-4984-AA28-09515D706B86}.Debug|Any CPU.Build.0 = Debug|Any CPU
		{CA1F36B5-0012-4984-AA28-09515D706B86}.Release|Any CPU.ActiveCfg = Release|Any CPU
		{CA1F36B5-0012-4984-AA28-09515D706B86}.Release|Any CPU.Build.0 = Release|Any CPU
	EndGlobalSection
	GlobalSection(SolutionProperties) = preSolution
		HideSolutionNode = FALSE
	EndGlobalSection
	GlobalSection(ExtensibilityGlobals) = postSolution
		SolutionGuid = {09F3BE11-E8BA-4B9A-9950-DACA664DDAA8}
	EndGlobalSection
EndGlobal
