
Microsoft Visual Studio Solution File, Format Version 12.00
# Visual Studio Version 17
VisualStudioVersion = 17.6.33815.320
MinimumVisualStudioVersion = 10.0.40219.1
Project("{FAE04EC0-301F-11D3-BF4B-00C04F79EFBC}") = "ConAppGeneric", "ConAppGeneric\ConAppGeneric.csproj", "{91C153B8-A9C9-422A-8EF0-F24FE0291882}"
EndProject
Global
	GlobalSection(SolutionConfigurationPlatforms) = preSolution
		Debug|Any CPU = Debug|Any CPU
		Release|Any CPU = Release|Any CPU
	EndGlobalSection
	GlobalSection(ProjectConfigurationPlatforms) = postSolution
		{91C153B8-A9C9-422A-8EF0-F24FE0291882}.Debug|Any CPU.ActiveCfg = Debug|Any CPU
		{91C153B8-A9C9-422A-8EF0-F24FE0291882}.Debug|Any CPU.Build.0 = Debug|Any CPU
		{91C153B8-A9C9-422A-8EF0-F24FE0291882}.Release|Any CPU.ActiveCfg = Release|Any CPU
		{91C153B8-A9C9-422A-8EF0-F24FE0291882}.Release|Any CPU.Build.0 = Release|Any CPU
	EndGlobalSection
	GlobalSection(SolutionProperties) = preSolution
		HideSolutionNode = FALSE
	EndGlobalSection
	GlobalSection(ExtensibilityGlobals) = postSolution
		SolutionGuid = {930BCBC0-CE64-4C18-A17E-15D864C6E249}
	EndGlobalSection
EndGlobal
