
Microsoft Visual Studio Solution File, Format Version 12.00
# Visual Studio Version 17
VisualStudioVersion = 17.6.33815.320
MinimumVisualStudioVersion = 10.0.40219.1
Project("{FAE04EC0-301F-11D3-BF4B-00C04F79EFBC}") = "PassportAPI", "PassportAPI\PassportAPI.csproj", "{14FF73A8-88A5-4684-B9FE-E1E1D598C850}"
EndProject
Global
	GlobalSection(SolutionConfigurationPlatforms) = preSolution
		Debug|Any CPU = Debug|Any CPU
		Release|Any CPU = Release|Any CPU
	EndGlobalSection
	GlobalSection(ProjectConfigurationPlatforms) = postSolution
		{14FF73A8-88A5-4684-B9FE-E1E1D598C850}.Debug|Any CPU.ActiveCfg = Debug|Any CPU
		{14FF73A8-88A5-4684-B9FE-E1E1D598C850}.Debug|Any CPU.Build.0 = Debug|Any CPU
		{14FF73A8-88A5-4684-B9FE-E1E1D598C850}.Release|Any CPU.ActiveCfg = Release|Any CPU
		{14FF73A8-88A5-4684-B9FE-E1E1D598C850}.Release|Any CPU.Build.0 = Release|Any CPU
	EndGlobalSection
	GlobalSection(SolutionProperties) = preSolution
		HideSolutionNode = FALSE
	EndGlobalSection
	GlobalSection(ExtensibilityGlobals) = postSolution
		SolutionGuid = {EF9C6F72-9F78-4F85-842C-17FDD1703F25}
	EndGlobalSection
EndGlobal
