
Microsoft Visual Studio Solution File, Format Version 12.00
# Visual Studio Version 17
VisualStudioVersion = 17.6.33815.320
MinimumVisualStudioVersion = 10.0.40219.1
Project("{FAE04EC0-301F-11D3-BF4B-00C04F79EFBC}") = "ConAppAbstractExample", "ConAppAbstractExample\ConAppAbstractExample.csproj", "{7BD0908D-CAE0-4133-BBE5-7FE5673D441A}"
EndProject
Global
	GlobalSection(SolutionConfigurationPlatforms) = preSolution
		Debug|Any CPU = Debug|Any CPU
		Release|Any CPU = Release|Any CPU
	EndGlobalSection
	GlobalSection(ProjectConfigurationPlatforms) = postSolution
		{7BD0908D-CAE0-4133-BBE5-7FE5673D441A}.Debug|Any CPU.ActiveCfg = Debug|Any CPU
		{7BD0908D-CAE0-4133-BBE5-7FE5673D441A}.Debug|Any CPU.Build.0 = Debug|Any CPU
		{7BD0908D-CAE0-4133-BBE5-7FE5673D441A}.Release|Any CPU.ActiveCfg = Release|Any CPU
		{7BD0908D-CAE0-4133-BBE5-7FE5673D441A}.Release|Any CPU.Build.0 = Release|Any CPU
	EndGlobalSection
	GlobalSection(SolutionProperties) = preSolution
		HideSolutionNode = FALSE
	EndGlobalSection
	GlobalSection(ExtensibilityGlobals) = postSolution
		SolutionGuid = {F8A05924-661E-4911-AB9A-0A27033752AE}
	EndGlobalSection
EndGlobal
