
Microsoft Visual Studio Solution File, Format Version 12.00
# Visual Studio Version 17
VisualStudioVersion = 17.6.33815.320
MinimumVisualStudioVersion = 10.0.40219.1
Project("{FAE04EC0-301F-11D3-BF4B-00C04F79EFBC}") = "CollectionExample", "CollectionExample\CollectionExample.csproj", "{2ACAB036-14B0-4405-A12C-3F0BCF3246CF}"
EndProject
Global
	GlobalSection(SolutionConfigurationPlatforms) = preSolution
		Debug|Any CPU = Debug|Any CPU
		Release|Any CPU = Release|Any CPU
	EndGlobalSection
	GlobalSection(ProjectConfigurationPlatforms) = postSolution
		{2ACAB036-14B0-4405-A12C-3F0BCF3246CF}.Debug|Any CPU.ActiveCfg = Debug|Any CPU
		{2ACAB036-14B0-4405-A12C-3F0BCF3246CF}.Debug|Any CPU.Build.0 = Debug|Any CPU
		{2ACAB036-14B0-4405-A12C-3F0BCF3246CF}.Release|Any CPU.ActiveCfg = Release|Any CPU
		{2ACAB036-14B0-4405-A12C-3F0BCF3246CF}.Release|Any CPU.Build.0 = Release|Any CPU
	EndGlobalSection
	GlobalSection(SolutionProperties) = preSolution
		HideSolutionNode = FALSE
	EndGlobalSection
	GlobalSection(ExtensibilityGlobals) = postSolution
		SolutionGuid = {E2D333D8-696C-4869-AF0D-29ABDBD6401A}
	EndGlobalSection
EndGlobal
