
Microsoft Visual Studio Solution File, Format Version 12.00
# Visual Studio Version 17
VisualStudioVersion = 17.6.33815.320
MinimumVisualStudioVersion = 10.0.40219.1
Project("{FAE04EC0-301F-11D3-BF4B-00C04F79EFBC}") = "Exercise02", "Exercise02\Exercise02.csproj", "{E380BAF4-2F1C-46BD-A4CC-59CB0A638231}"
EndProject
Global
	GlobalSection(SolutionConfigurationPlatforms) = preSolution
		Debug|Any CPU = Debug|Any CPU
		Release|Any CPU = Release|Any CPU
	EndGlobalSection
	GlobalSection(ProjectConfigurationPlatforms) = postSolution
		{E380BAF4-2F1C-46BD-A4CC-59CB0A638231}.Debug|Any CPU.ActiveCfg = Debug|Any CPU
		{E380BAF4-2F1C-46BD-A4CC-59CB0A638231}.Debug|Any CPU.Build.0 = Debug|Any CPU
		{E380BAF4-2F1C-46BD-A4CC-59CB0A638231}.Release|Any CPU.ActiveCfg = Release|Any CPU
		{E380BAF4-2F1C-46BD-A4CC-59CB0A638231}.Release|Any CPU.Build.0 = Release|Any CPU
	EndGlobalSection
	GlobalSection(SolutionProperties) = preSolution
		HideSolutionNode = FALSE
	EndGlobalSection
	GlobalSection(ExtensibilityGlobals) = postSolution
		SolutionGuid = {9890C827-331D-4C43-9CAA-95D2B49B9ECC}
	EndGlobalSection
EndGlobal
