
Microsoft Visual Studio Solution File, Format Version 12.00
# Visual Studio Version 17
VisualStudioVersion = 17.6.33815.320
MinimumVisualStudioVersion = 10.0.40219.1
Project("{FAE04EC0-301F-11D3-BF4B-00C04F79EFBC}") = "Exercise01", "Exercise01\Exercise01.csproj", "{55363F4F-54A8-494F-A418-238840296B86}"
EndProject
Global
	GlobalSection(SolutionConfigurationPlatforms) = preSolution
		Debug|Any CPU = Debug|Any CPU
		Release|Any CPU = Release|Any CPU
	EndGlobalSection
	GlobalSection(ProjectConfigurationPlatforms) = postSolution
		{55363F4F-54A8-494F-A418-238840296B86}.Debug|Any CPU.ActiveCfg = Debug|Any CPU
		{55363F4F-54A8-494F-A418-238840296B86}.Debug|Any CPU.Build.0 = Debug|Any CPU
		{55363F4F-54A8-494F-A418-238840296B86}.Release|Any CPU.ActiveCfg = Release|Any CPU
		{55363F4F-54A8-494F-A418-238840296B86}.Release|Any CPU.Build.0 = Release|Any CPU
	EndGlobalSection
	GlobalSection(SolutionProperties) = preSolution
		HideSolutionNode = FALSE
	EndGlobalSection
	GlobalSection(ExtensibilityGlobals) = postSolution
		SolutionGuid = {1B34EE39-3A04-433D-A4EE-B7F15C9213F4}
	EndGlobalSection
EndGlobal
