
Microsoft Visual Studio Solution File, Format Version 12.00
# Visual Studio Version 17
VisualStudioVersion = 17.6.33815.320
MinimumVisualStudioVersion = 10.0.40219.1
Project("{FAE04EC0-301F-11D3-BF4B-00C04F79EFBC}") = "WeeklyAssignment2", "WeeklyAssignment2\WeeklyAssignment2.csproj", "{6ADE321E-3AE8-490A-93F0-F581D4EBD02C}"
EndProject
Global
	GlobalSection(SolutionConfigurationPlatforms) = preSolution
		Debug|Any CPU = Debug|Any CPU
		Release|Any CPU = Release|Any CPU
	EndGlobalSection
	GlobalSection(ProjectConfigurationPlatforms) = postSolution
		{6ADE321E-3AE8-490A-93F0-F581D4EBD02C}.Debug|Any CPU.ActiveCfg = Debug|Any CPU
		{6ADE321E-3AE8-490A-93F0-F581D4EBD02C}.Debug|Any CPU.Build.0 = Debug|Any CPU
		{6ADE321E-3AE8-490A-93F0-F581D4EBD02C}.Release|Any CPU.ActiveCfg = Release|Any CPU
		{6ADE321E-3AE8-490A-93F0-F581D4EBD02C}.Release|Any CPU.Build.0 = Release|Any CPU
	EndGlobalSection
	GlobalSection(SolutionProperties) = preSolution
		HideSolutionNode = FALSE
	EndGlobalSection
	GlobalSection(ExtensibilityGlobals) = postSolution
		SolutionGuid = {AFE1BB46-62A8-44BB-8C8D-B37ACBE76A0C}
	EndGlobalSection
EndGlobal
