
Microsoft Visual Studio Solution File, Format Version 12.00
# Visual Studio Version 17
VisualStudioVersion = 17.6.33815.320
MinimumVisualStudioVersion = 10.0.40219.1
Project("{FAE04EC0-301F-11D3-BF4B-00C04F79EFBC}") = "WebAppPlayer", "WebAppPlayer\WebAppPlayer.csproj", "{47236259-942E-4CA8-B2D6-351BBAB2C423}"
EndProject
Global
	GlobalSection(SolutionConfigurationPlatforms) = preSolution
		Debug|Any CPU = Debug|Any CPU
		Release|Any CPU = Release|Any CPU
	EndGlobalSection
	GlobalSection(ProjectConfigurationPlatforms) = postSolution
		{47236259-942E-4CA8-B2D6-351BBAB2C423}.Debug|Any CPU.ActiveCfg = Debug|Any CPU
		{47236259-942E-4CA8-B2D6-351BBAB2C423}.Debug|Any CPU.Build.0 = Debug|Any CPU
		{47236259-942E-4CA8-B2D6-351BBAB2C423}.Release|Any CPU.ActiveCfg = Release|Any CPU
		{47236259-942E-4CA8-B2D6-351BBAB2C423}.Release|Any CPU.Build.0 = Release|Any CPU
	EndGlobalSection
	GlobalSection(SolutionProperties) = preSolution
		HideSolutionNode = FALSE
	EndGlobalSection
	GlobalSection(ExtensibilityGlobals) = postSolution
		SolutionGuid = {440D6E02-C1EB-4490-B148-EFD6626BCECF}
	EndGlobalSection
EndGlobal
