
Microsoft Visual Studio Solution File, Format Version 12.00
# Visual Studio Version 17
VisualStudioVersion = 17.6.33815.320
MinimumVisualStudioVersion = 10.0.40219.1
Project("{FAE04EC0-301F-11D3-BF4B-00C04F79EFBC}") = "ConsoleAppSortedList", "ConsoleAppSortedList\ConsoleAppSortedList.csproj", "{D941E532-EA76-4FB4-A57A-8C56D41F20EE}"
EndProject
Global
	GlobalSection(SolutionConfigurationPlatforms) = preSolution
		Debug|Any CPU = Debug|Any CPU
		Release|Any CPU = Release|Any CPU
	EndGlobalSection
	GlobalSection(ProjectConfigurationPlatforms) = postSolution
		{D941E532-EA76-4FB4-A57A-8C56D41F20EE}.Debug|Any CPU.ActiveCfg = Debug|Any CPU
		{D941E532-EA76-4FB4-A57A-8C56D41F20EE}.Debug|Any CPU.Build.0 = Debug|Any CPU
		{D941E532-EA76-4FB4-A57A-8C56D41F20EE}.Release|Any CPU.ActiveCfg = Release|Any CPU
		{D941E532-EA76-4FB4-A57A-8C56D41F20EE}.Release|Any CPU.Build.0 = Release|Any CPU
	EndGlobalSection
	GlobalSection(SolutionProperties) = preSolution
		HideSolutionNode = FALSE
	EndGlobalSection
	GlobalSection(ExtensibilityGlobals) = postSolution
		SolutionGuid = {DDF6FF1E-0AA4-484B-A835-44D838278456}
	EndGlobalSection
EndGlobal
