
Microsoft Visual Studio Solution File, Format Version 12.00
# Visual Studio Version 17
VisualStudioVersion = 17.6.33815.320
MinimumVisualStudioVersion = 10.0.40219.1
Project("{FAE04EC0-301F-11D3-BF4B-00C04F79EFBC}") = "ConAppEventEx", "ConAppEventEx\ConAppEventEx.csproj", "{10C6097F-C3AA-4D40-93B6-1F1CAE1FD704}"
EndProject
Global
	GlobalSection(SolutionConfigurationPlatforms) = preSolution
		Debug|Any CPU = Debug|Any CPU
		Release|Any CPU = Release|Any CPU
	EndGlobalSection
	GlobalSection(ProjectConfigurationPlatforms) = postSolution
		{10C6097F-C3AA-4D40-93B6-1F1CAE1FD704}.Debug|Any CPU.ActiveCfg = Debug|Any CPU
		{10C6097F-C3AA-4D40-93B6-1F1CAE1FD704}.Debug|Any CPU.Build.0 = Debug|Any CPU
		{10C6097F-C3AA-4D40-93B6-1F1CAE1FD704}.Release|Any CPU.ActiveCfg = Release|Any CPU
		{10C6097F-C3AA-4D40-93B6-1F1CAE1FD704}.Release|Any CPU.Build.0 = Release|Any CPU
	EndGlobalSection
	GlobalSection(SolutionProperties) = preSolution
		HideSolutionNode = FALSE
	EndGlobalSection
	GlobalSection(ExtensibilityGlobals) = postSolution
		SolutionGuid = {AB34958B-EA0E-40A7-B0ED-178CA4A00C25}
	EndGlobalSection
EndGlobal
