
Microsoft Visual Studio Solution File, Format Version 12.00
# Visual Studio Version 17
VisualStudioVersion = 17.6.33815.320
MinimumVisualStudioVersion = 10.0.40219.1
Project("{FAE04EC0-301F-11D3-BF4B-00C04F79EFBC}") = "ConAppSerialization", "ConAppSerialization\ConAppSerialization.csproj", "{390D6C6B-5622-46C4-A9D1-E5ECF174757B}"
EndProject
Global
	GlobalSection(SolutionConfigurationPlatforms) = preSolution
		Debug|Any CPU = Debug|Any CPU
		Release|Any CPU = Release|Any CPU
	EndGlobalSection
	GlobalSection(ProjectConfigurationPlatforms) = postSolution
		{390D6C6B-5622-46C4-A9D1-E5ECF174757B}.Debug|Any CPU.ActiveCfg = Debug|Any CPU
		{390D6C6B-5622-46C4-A9D1-E5ECF174757B}.Debug|Any CPU.Build.0 = Debug|Any CPU
		{390D6C6B-5622-46C4-A9D1-E5ECF174757B}.Release|Any CPU.ActiveCfg = Release|Any CPU
		{390D6C6B-5622-46C4-A9D1-E5ECF174757B}.Release|Any CPU.Build.0 = Release|Any CPU
	EndGlobalSection
	GlobalSection(SolutionProperties) = preSolution
		HideSolutionNode = FALSE
	EndGlobalSection
	GlobalSection(ExtensibilityGlobals) = postSolution
		SolutionGuid = {62A8A697-0FED-4FDE-818F-802E0D904A28}
	EndGlobalSection
EndGlobal
