
Microsoft Visual Studio Solution File, Format Version 12.00
# Visual Studio Version 17
VisualStudioVersion = 17.6.33815.320
MinimumVisualStudioVersion = 10.0.40219.1
Project("{FAE04EC0-301F-11D3-BF4B-00C04F79EFBC}") = "DelegateExampleTwo", "DelegateExampleTwo\DelegateExampleTwo.csproj", "{0F3C8AF5-E273-477A-9AD6-DD73255D7279}"
EndProject
Global
	GlobalSection(SolutionConfigurationPlatforms) = preSolution
		Debug|Any CPU = Debug|Any CPU
		Release|Any CPU = Release|Any CPU
	EndGlobalSection
	GlobalSection(ProjectConfigurationPlatforms) = postSolution
		{0F3C8AF5-E273-477A-9AD6-DD73255D7279}.Debug|Any CPU.ActiveCfg = Debug|Any CPU
		{0F3C8AF5-E273-477A-9AD6-DD73255D7279}.Debug|Any CPU.Build.0 = Debug|Any CPU
		{0F3C8AF5-E273-477A-9AD6-DD73255D7279}.Release|Any CPU.ActiveCfg = Release|Any CPU
		{0F3C8AF5-E273-477A-9AD6-DD73255D7279}.Release|Any CPU.Build.0 = Release|Any CPU
	EndGlobalSection
	GlobalSection(SolutionProperties) = preSolution
		HideSolutionNode = FALSE
	EndGlobalSection
	GlobalSection(ExtensibilityGlobals) = postSolution
		SolutionGuid = {64F7C794-F13B-4696-8A9B-D2DAC0FA9DC9}
	EndGlobalSection
EndGlobal
